
Microsoft Visual Studio Solution File, Format Version 12.00
# Visual Studio Version 17
VisualStudioVersion = 17.4.33213.308
MinimumVisualStudioVersion = 10.0.40219.1
Project("{FAE04EC0-301F-11D3-BF4B-00C04F79EFBC}") = "DS1", "DS1\DS1.csproj", "{8112E84F-28CE-4F9C-A6F4-F5D77D179231}"
EndProject
Global
	GlobalSection(SolutionConfigurationPlatforms) = preSolution
		Debug|Any CPU = Debug|Any CPU
		Release|Any CPU = Release|Any CPU
	EndGlobalSection
	GlobalSection(ProjectConfigurationPlatforms) = postSolution
		{8112E84F-28CE-4F9C-A6F4-F5D77D179231}.Debug|Any CPU.ActiveCfg = Debug|Any CPU
		{8112E84F-28CE-4F9C-A6F4-F5D77D179231}.Debug|Any CPU.Build.0 = Debug|Any CPU
		{8112E84F-28CE-4F9C-A6F4-F5D77D179231}.Release|Any CPU.ActiveCfg = Release|Any CPU
		{8112E84F-28CE-4F9C-A6F4-F5D77D179231}.Release|Any CPU.Build.0 = Release|Any CPU
	EndGlobalSection
	GlobalSection(SolutionProperties) = preSolution
		HideSolutionNode = FALSE
	EndGlobalSection
	GlobalSection(ExtensibilityGlobals) = postSolution
		SolutionGuid = {DF07ED1E-D506-43E3-97FA-20B416505945}
	EndGlobalSection
EndGlobal
